// !$*UTF8*$!
{
	archiveVersion = 1;
	classes = {
	};
	objectVersion = 56;
	objects = {

/* Begin PBXBuildFile section */
		E2B0EE182B60442800A8FA75 /* NetworkManager.swift in Sources */ = {isa = PBXBuildFile; fileRef = E2B0EDE82B60442800A8FA75 /* NetworkManager.swift */; };
		E2B0EE192B60442800A8FA75 /* Assets.xcassets in Resources */ = {isa = PBXBuildFile; fileRef = E2B0EDEA2B60442800A8FA75 /* Assets.xcassets */; };
		E2B0EE1A2B60442800A8FA75 /* LaunchScreen.storyboard in Resources */ = {isa = PBXBuildFile; fileRef = E2B0EDEB2B60442800A8FA75 /* LaunchScreen.storyboard */; };
		E2B0EE1B2B60442800A8FA75 /* AppDelegate.swift in Sources */ = {isa = PBXBuildFile; fileRef = E2B0EDED2B60442800A8FA75 /* AppDelegate.swift */; };
		E2B0EE1C2B60442800A8FA75 /* SceneDelegate.swift in Sources */ = {isa = PBXBuildFile; fileRef = E2B0EDEE2B60442800A8FA75 /* SceneDelegate.swift */; };
		E2B0EE1D2B60442800A8FA75 /* Date+Ext.swift in Sources */ = {isa = PBXBuildFile; fileRef = E2B0EDF02B60442800A8FA75 /* Date+Ext.swift */; };
		E2B0EE1E2B60442800A8FA75 /* String+Ext.swift in Sources */ = {isa = PBXBuildFile; fileRef = E2B0EDF12B60442800A8FA75 /* String+Ext.swift */; };
		E2B0EE1F2B60442800A8FA75 /* UIViewController+Ext.swift in Sources */ = {isa = PBXBuildFile; fileRef = E2B0EDF22B60442800A8FA75 /* UIViewController+Ext.swift */; };
		E2B0EE202B60442800A8FA75 /* SearchViewController.swift in Sources */ = {isa = PBXBuildFile; fileRef = E2B0EDF42B60442800A8FA75 /* SearchViewController.swift */; };
		E2B0EE212B60442800A8FA75 /* FavouriteListViewController.swift in Sources */ = {isa = PBXBuildFile; fileRef = E2B0EDF52B60442800A8FA75 /* FavouriteListViewController.swift */; };
		E2B0EE222B60442800A8FA75 /* UserInfoViewController.swift in Sources */ = {isa = PBXBuildFile; fileRef = E2B0EDF62B60442800A8FA75 /* UserInfoViewController.swift */; };
		E2B0EE232B60442800A8FA75 /* FollowersListViewController.swift in Sources */ = {isa = PBXBuildFile; fileRef = E2B0EDF72B60442800A8FA75 /* FollowersListViewController.swift */; };
		E2B0EE242B60442800A8FA75 /* constants.swift in Sources */ = {isa = PBXBuildFile; fileRef = E2B0EDF92B60442800A8FA75 /* constants.swift */; };
		E2B0EE252B60442800A8FA75 /* UIHelper.swift in Sources */ = {isa = PBXBuildFile; fileRef = E2B0EDFA2B60442800A8FA75 /* UIHelper.swift */; };
		E2B0EE262B60442800A8FA75 /* ErrorMessage.swift in Sources */ = {isa = PBXBuildFile; fileRef = E2B0EDFB2B60442800A8FA75 /* ErrorMessage.swift */; };
		E2B0EE272B60442800A8FA75 /* User.swift in Sources */ = {isa = PBXBuildFile; fileRef = E2B0EDFD2B60442800A8FA75 /* User.swift */; };
		E2B0EE282B60442800A8FA75 /* Follower.swift in Sources */ = {isa = PBXBuildFile; fileRef = E2B0EDFE2B60442800A8FA75 /* Follower.swift */; };
		E2B0EE2A2B60442800A8FA75 /* FollowerCell.swift in Sources */ = {isa = PBXBuildFile; fileRef = E2B0EE022B60442800A8FA75 /* FollowerCell.swift */; };
		E2B0EE2B2B60442800A8FA75 /* GHFButton.swift in Sources */ = {isa = PBXBuildFile; fileRef = E2B0EE042B60442800A8FA75 /* GHFButton.swift */; };
		E2B0EE2C2B60442800A8FA75 /* GHFTextField.swift in Sources */ = {isa = PBXBuildFile; fileRef = E2B0EE062B60442800A8FA75 /* GHFTextField.swift */; };
		E2B0EE2D2B60442800A8FA75 /* GHFTitleLabel.swift in Sources */ = {isa = PBXBuildFile; fileRef = E2B0EE082B60442800A8FA75 /* GHFTitleLabel.swift */; };
		E2B0EE2E2B60442800A8FA75 /* GHFSecondaryLabel.swift in Sources */ = {isa = PBXBuildFile; fileRef = E2B0EE092B60442800A8FA75 /* GHFSecondaryLabel.swift */; };
		E2B0EE2F2B60442800A8FA75 /* GHFBodyLabel.swift in Sources */ = {isa = PBXBuildFile; fileRef = E2B0EE0A2B60442800A8FA75 /* GHFBodyLabel.swift */; };
		E2B0EE302B60442800A8FA75 /* GHFAlertViewController.swift in Sources */ = {isa = PBXBuildFile; fileRef = E2B0EE0C2B60442800A8FA75 /* GHFAlertViewController.swift */; };
		E2B0EE312B60442800A8FA75 /* GHFItemInfoViewController.swift in Sources */ = {isa = PBXBuildFile; fileRef = E2B0EE0E2B60442800A8FA75 /* GHFItemInfoViewController.swift */; };
		E2B0EE322B60442800A8FA75 /* GHFFollowerItemViewController.swift in Sources */ = {isa = PBXBuildFile; fileRef = E2B0EE0F2B60442800A8FA75 /* GHFFollowerItemViewController.swift */; };
		E2B0EE332B60442800A8FA75 /* GHFRepoItemViewController.swift in Sources */ = {isa = PBXBuildFile; fileRef = E2B0EE102B60442800A8FA75 /* GHFRepoItemViewController.swift */; };
		E2B0EE342B60442800A8FA75 /* GHFUserInfoHeaderViewController.swift in Sources */ = {isa = PBXBuildFile; fileRef = E2B0EE112B60442800A8FA75 /* GHFUserInfoHeaderViewController.swift */; };
		E2B0EE352B60442800A8FA75 /* GHFEmptyStateView.swift in Sources */ = {isa = PBXBuildFile; fileRef = E2B0EE132B60442800A8FA75 /* GHFEmptyStateView.swift */; };
		E2B0EE362B60442800A8FA75 /* GHFItemInfoView.swift in Sources */ = {isa = PBXBuildFile; fileRef = E2B0EE142B60442800A8FA75 /* GHFItemInfoView.swift */; };
		E2B0EE372B60442800A8FA75 /* GHFContainerView.swift in Sources */ = {isa = PBXBuildFile; fileRef = E2B0EE152B60442800A8FA75 /* GHFContainerView.swift */; };
		E2B0EE382B60442800A8FA75 /* GHFAvatarImageView.swift in Sources */ = {isa = PBXBuildFile; fileRef = E2B0EE172B60442800A8FA75 /* GHFAvatarImageView.swift */; };
/* End PBXBuildFile section */

/* Begin PBXFileReference section */
		E2B0EDE82B60442800A8FA75 /* NetworkManager.swift */ = {isa = PBXFileReference; fileEncoding = 4; lastKnownFileType = sourcecode.swift; path = NetworkManager.swift; sourceTree = "<group>"; };
		E2B0EDEA2B60442800A8FA75 /* Assets.xcassets */ = {isa = PBXFileReference; lastKnownFileType = folder.assetcatalog; path = Assets.xcassets; sourceTree = "<group>"; };
		E2B0EDEC2B60442800A8FA75 /* Base */ = {isa = PBXFileReference; lastKnownFileType = file.storyboard; name = Base; path = Base.lproj/LaunchScreen.storyboard; sourceTree = "<group>"; };
		E2B0EDED2B60442800A8FA75 /* AppDelegate.swift */ = {isa = PBXFileReference; fileEncoding = 4; lastKnownFileType = sourcecode.swift; path = AppDelegate.swift; sourceTree = "<group>"; };
		E2B0EDEE2B60442800A8FA75 /* SceneDelegate.swift */ = {isa = PBXFileReference; fileEncoding = 4; lastKnownFileType = sourcecode.swift; path = SceneDelegate.swift; sourceTree = "<group>"; };
		E2B0EDF02B60442800A8FA75 /* Date+Ext.swift */ = {isa = PBXFileReference; fileEncoding = 4; lastKnownFileType = sourcecode.swift; path = "Date+Ext.swift"; sourceTree = "<group>"; };
		E2B0EDF12B60442800A8FA75 /* String+Ext.swift */ = {isa = PBXFileReference; fileEncoding = 4; lastKnownFileType = sourcecode.swift; path = "String+Ext.swift"; sourceTree = "<group>"; };
		E2B0EDF22B60442800A8FA75 /* UIViewController+Ext.swift */ = {isa = PBXFileReference; fileEncoding = 4; lastKnownFileType = sourcecode.swift; path = "UIViewController+Ext.swift"; sourceTree = "<group>"; };
		E2B0EDF42B60442800A8FA75 /* SearchViewController.swift */ = {isa = PBXFileReference; fileEncoding = 4; lastKnownFileType = sourcecode.swift; path = SearchViewController.swift; sourceTree = "<group>"; };
		E2B0EDF52B60442800A8FA75 /* FavouriteListViewController.swift */ = {isa = PBXFileReference; fileEncoding = 4; lastKnownFileType = sourcecode.swift; path = FavouriteListViewController.swift; sourceTree = "<group>"; };
		E2B0EDF62B60442800A8FA75 /* UserInfoViewController.swift */ = {isa = PBXFileReference; fileEncoding = 4; lastKnownFileType = sourcecode.swift; path = UserInfoViewController.swift; sourceTree = "<group>"; };
		E2B0EDF72B60442800A8FA75 /* FollowersListViewController.swift */ = {isa = PBXFileReference; fileEncoding = 4; lastKnownFileType = sourcecode.swift; path = FollowersListViewController.swift; sourceTree = "<group>"; };
		E2B0EDF92B60442800A8FA75 /* constants.swift */ = {isa = PBXFileReference; fileEncoding = 4; lastKnownFileType = sourcecode.swift; path = constants.swift; sourceTree = "<group>"; };
		E2B0EDFA2B60442800A8FA75 /* UIHelper.swift */ = {isa = PBXFileReference; fileEncoding = 4; lastKnownFileType = sourcecode.swift; path = UIHelper.swift; sourceTree = "<group>"; };
		E2B0EDFB2B60442800A8FA75 /* ErrorMessage.swift */ = {isa = PBXFileReference; fileEncoding = 4; lastKnownFileType = sourcecode.swift; path = ErrorMessage.swift; sourceTree = "<group>"; };
		E2B0EDFD2B60442800A8FA75 /* User.swift */ = {isa = PBXFileReference; fileEncoding = 4; lastKnownFileType = sourcecode.swift; path = User.swift; sourceTree = "<group>"; };
		E2B0EDFE2B60442800A8FA75 /* Follower.swift */ = {isa = PBXFileReference; fileEncoding = 4; lastKnownFileType = sourcecode.swift; path = Follower.swift; sourceTree = "<group>"; };
		E2B0EDFF2B60442800A8FA75 /* Info.plist */ = {isa = PBXFileReference; fileEncoding = 4; lastKnownFileType = text.plist.xml; path = Info.plist; sourceTree = "<group>"; };
		E2B0EE022B60442800A8FA75 /* FollowerCell.swift */ = {isa = PBXFileReference; fileEncoding = 4; lastKnownFileType = sourcecode.swift; path = FollowerCell.swift; sourceTree = "<group>"; };
		E2B0EE042B60442800A8FA75 /* GHFButton.swift */ = {isa = PBXFileReference; fileEncoding = 4; lastKnownFileType = sourcecode.swift; path = GHFButton.swift; sourceTree = "<group>"; };
		E2B0EE062B60442800A8FA75 /* GHFTextField.swift */ = {isa = PBXFileReference; fileEncoding = 4; lastKnownFileType = sourcecode.swift; path = GHFTextField.swift; sourceTree = "<group>"; };
		E2B0EE082B60442800A8FA75 /* GHFTitleLabel.swift */ = {isa = PBXFileReference; fileEncoding = 4; lastKnownFileType = sourcecode.swift; path = GHFTitleLabel.swift; sourceTree = "<group>"; };
		E2B0EE092B60442800A8FA75 /* GHFSecondaryLabel.swift */ = {isa = PBXFileReference; fileEncoding = 4; lastKnownFileType = sourcecode.swift; path = GHFSecondaryLabel.swift; sourceTree = "<group>"; };
		E2B0EE0A2B60442800A8FA75 /* GHFBodyLabel.swift */ = {isa = PBXFileReference; fileEncoding = 4; lastKnownFileType = sourcecode.swift; path = GHFBodyLabel.swift; sourceTree = "<group>"; };
		E2B0EE0C2B60442800A8FA75 /* GHFAlertViewController.swift */ = {isa = PBXFileReference; fileEncoding = 4; lastKnownFileType = sourcecode.swift; path = GHFAlertViewController.swift; sourceTree = "<group>"; };
		E2B0EE0E2B60442800A8FA75 /* GHFItemInfoViewController.swift */ = {isa = PBXFileReference; fileEncoding = 4; lastKnownFileType = sourcecode.swift; path = GHFItemInfoViewController.swift; sourceTree = "<group>"; };
		E2B0EE0F2B60442800A8FA75 /* GHFFollowerItemViewController.swift */ = {isa = PBXFileReference; fileEncoding = 4; lastKnownFileType = sourcecode.swift; path = GHFFollowerItemViewController.swift; sourceTree = "<group>"; };
		E2B0EE102B60442800A8FA75 /* GHFRepoItemViewController.swift */ = {isa = PBXFileReference; fileEncoding = 4; lastKnownFileType = sourcecode.swift; path = GHFRepoItemViewController.swift; sourceTree = "<group>"; };
		E2B0EE112B60442800A8FA75 /* GHFUserInfoHeaderViewController.swift */ = {isa = PBXFileReference; fileEncoding = 4; lastKnownFileType = sourcecode.swift; path = GHFUserInfoHeaderViewController.swift; sourceTree = "<group>"; };
		E2B0EE132B60442800A8FA75 /* GHFEmptyStateView.swift */ = {isa = PBXFileReference; fileEncoding = 4; lastKnownFileType = sourcecode.swift; path = GHFEmptyStateView.swift; sourceTree = "<group>"; };
		E2B0EE142B60442800A8FA75 /* GHFItemInfoView.swift */ = {isa = PBXFileReference; fileEncoding = 4; lastKnownFileType = sourcecode.swift; path = GHFItemInfoView.swift; sourceTree = "<group>"; };
		E2B0EE152B60442800A8FA75 /* GHFContainerView.swift */ = {isa = PBXFileReference; fileEncoding = 4; lastKnownFileType = sourcecode.swift; path = GHFContainerView.swift; sourceTree = "<group>"; };
		E2B0EE172B60442800A8FA75 /* GHFAvatarImageView.swift */ = {isa = PBXFileReference; fileEncoding = 4; lastKnownFileType = sourcecode.swift; path = GHFAvatarImageView.swift; sourceTree = "<group>"; };
		E2C1E5692B4E0EF2009CF496 /* GitHubFollowers.app */ = {isa = PBXFileReference; explicitFileType = wrapper.application; includeInIndex = 0; path = GitHubFollowers.app; sourceTree = BUILT_PRODUCTS_DIR; };
/* End PBXFileReference section */

/* Begin PBXFrameworksBuildPhase section */
		E2C1E5662B4E0EF2009CF496 /* Frameworks */ = {
			isa = PBXFrameworksBuildPhase;
			buildActionMask = 2147483647;
			files = (
			);
			runOnlyForDeploymentPostprocessing = 0;
		};
/* End PBXFrameworksBuildPhase section */

/* Begin PBXGroup section */
		E2B0EDE62B60442800A8FA75 /* GitHubFollowers */ = {
			isa = PBXGroup;
			children = (
				E2B0EDF82B60442800A8FA75 /* Utilities */,
				E2B0EDE72B60442800A8FA75 /* Managers */,
				E2B0EDFC2B60442800A8FA75 /* Model */,
				E2B0EDEF2B60442800A8FA75 /* Extensions */,
				E2B0EE002B60442800A8FA75 /* Custom Views */,
				E2B0EDF32B60442800A8FA75 /* Screens */,
				E2B0EDE92B60442800A8FA75 /* Support Files */,
				E2B0EDFF2B60442800A8FA75 /* Info.plist */,
			);
			path = GitHubFollowers;
			sourceTree = "<group>";
		};
		E2B0EDE72B60442800A8FA75 /* Managers */ = {
			isa = PBXGroup;
			children = (
				E2B0EDE82B60442800A8FA75 /* NetworkManager.swift */,
			);
			path = Managers;
			sourceTree = "<group>";
		};
		E2B0EDE92B60442800A8FA75 /* Support Files */ = {
			isa = PBXGroup;
			children = (
				E2B0EDEA2B60442800A8FA75 /* Assets.xcassets */,
				E2B0EDEB2B60442800A8FA75 /* LaunchScreen.storyboard */,
				E2B0EDED2B60442800A8FA75 /* AppDelegate.swift */,
				E2B0EDEE2B60442800A8FA75 /* SceneDelegate.swift */,
			);
			path = "Support Files";
			sourceTree = "<group>";
		};
		E2B0EDEF2B60442800A8FA75 /* Extensions */ = {
			isa = PBXGroup;
			children = (
				E2B0EDF02B60442800A8FA75 /* Date+Ext.swift */,
				E2B0EDF12B60442800A8FA75 /* String+Ext.swift */,
				E2B0EDF22B60442800A8FA75 /* UIViewController+Ext.swift */,
			);
			path = Extensions;
			sourceTree = "<group>";
		};
		E2B0EDF32B60442800A8FA75 /* Screens */ = {
			isa = PBXGroup;
			children = (
				E2B0EDF42B60442800A8FA75 /* SearchViewController.swift */,
				E2B0EDF52B60442800A8FA75 /* FavouriteListViewController.swift */,
				E2B0EDF62B60442800A8FA75 /* UserInfoViewController.swift */,
				E2B0EDF72B60442800A8FA75 /* FollowersListViewController.swift */,
			);
			path = Screens;
			sourceTree = "<group>";
		};
		E2B0EDF82B60442800A8FA75 /* Utilities */ = {
			isa = PBXGroup;
			children = (
				E2B0EDF92B60442800A8FA75 /* constants.swift */,
				E2B0EDFA2B60442800A8FA75 /* UIHelper.swift */,
				E2B0EDFB2B60442800A8FA75 /* ErrorMessage.swift */,
			);
			path = Utilities;
			sourceTree = "<group>";
		};
		E2B0EDFC2B60442800A8FA75 /* Model */ = {
			isa = PBXGroup;
			children = (
				E2B0EDFD2B60442800A8FA75 /* User.swift */,
				E2B0EDFE2B60442800A8FA75 /* Follower.swift */,
			);
			path = Model;
			sourceTree = "<group>";
		};
		E2B0EE002B60442800A8FA75 /* Custom Views */ = {
			isa = PBXGroup;
			children = (
				E2B0EE012B60442800A8FA75 /* Cells */,
				E2B0EE032B60442800A8FA75 /* Buttons */,
				E2B0EE052B60442800A8FA75 /* TextFields */,
				E2B0EE072B60442800A8FA75 /* Labels */,
				E2B0EE0B2B60442800A8FA75 /* ViewControllers */,
				E2B0EE122B60442800A8FA75 /* Views */,
				E2B0EE162B60442800A8FA75 /* ImageViews */,
			);
			path = "Custom Views";
			sourceTree = "<group>";
		};
		E2B0EE012B60442800A8FA75 /* Cells */ = {
			isa = PBXGroup;
			children = (
				E2B0EE022B60442800A8FA75 /* FollowerCell.swift */,
			);
			path = Cells;
			sourceTree = "<group>";
		};
		E2B0EE032B60442800A8FA75 /* Buttons */ = {
			isa = PBXGroup;
			children = (
				E2B0EE042B60442800A8FA75 /* GHFButton.swift */,
			);
			path = Buttons;
			sourceTree = "<group>";
		};
		E2B0EE052B60442800A8FA75 /* TextFields */ = {
			isa = PBXGroup;
			children = (
				E2B0EE062B60442800A8FA75 /* GHFTextField.swift */,
			);
			path = TextFields;
			sourceTree = "<group>";
		};
		E2B0EE072B60442800A8FA75 /* Labels */ = {
			isa = PBXGroup;
			children = (
				E2B0EE082B60442800A8FA75 /* GHFTitleLabel.swift */,
				E2B0EE092B60442800A8FA75 /* GHFSecondaryLabel.swift */,
				E2B0EE0A2B60442800A8FA75 /* GHFBodyLabel.swift */,
			);
			path = Labels;
			sourceTree = "<group>";
		};
		E2B0EE0B2B60442800A8FA75 /* ViewControllers */ = {
			isa = PBXGroup;
			children = (
				E2B0EE0C2B60442800A8FA75 /* GHFAlertViewController.swift */,
				E2B0EE0D2B60442800A8FA75 /* ItemInfoViewControllers */,
				E2B0EE112B60442800A8FA75 /* GHFUserInfoHeaderViewController.swift */,
			);
			path = ViewControllers;
			sourceTree = "<group>";
		};
		E2B0EE0D2B60442800A8FA75 /* ItemInfoViewControllers */ = {
			isa = PBXGroup;
			children = (
				E2B0EE0E2B60442800A8FA75 /* GHFItemInfoViewController.swift */,
				E2B0EE0F2B60442800A8FA75 /* GHFFollowerItemViewController.swift */,
				E2B0EE102B60442800A8FA75 /* GHFRepoItemViewController.swift */,
			);
			path = ItemInfoViewControllers;
			sourceTree = "<group>";
		};
		E2B0EE122B60442800A8FA75 /* Views */ = {
			isa = PBXGroup;
			children = (
				E2B0EE132B60442800A8FA75 /* GHFEmptyStateView.swift */,
				E2B0EE142B60442800A8FA75 /* GHFItemInfoView.swift */,
				E2B0EE152B60442800A8FA75 /* GHFContainerView.swift */,
			);
			path = Views;
			sourceTree = "<group>";
		};
		E2B0EE162B60442800A8FA75 /* ImageViews */ = {
			isa = PBXGroup;
			children = (
				E2B0EE172B60442800A8FA75 /* GHFAvatarImageView.swift */,
			);
			path = ImageViews;
			sourceTree = "<group>";
		};
		E2C1E5602B4E0EF2009CF496 = {
			isa = PBXGroup;
			children = (
				E2B0EDE62B60442800A8FA75 /* GitHubFollowers */,
				E2C1E56A2B4E0EF2009CF496 /* Products */,
			);
			sourceTree = "<group>";
		};
		E2C1E56A2B4E0EF2009CF496 /* Products */ = {
			isa = PBXGroup;
			children = (
				E2C1E5692B4E0EF2009CF496 /* GitHubFollowers.app */,
			);
			name = Products;
			sourceTree = "<group>";
		};
/* End PBXGroup section */

/* Begin PBXNativeTarget section */
		E2C1E5682B4E0EF2009CF496 /* GitHubFollowers */ = {
			isa = PBXNativeTarget;
			buildConfigurationList = E2C1E57D2B4E0EF3009CF496 /* Build configuration list for PBXNativeTarget "GitHubFollowers" */;
			buildPhases = (
				E2C1E5652B4E0EF2009CF496 /* Sources */,
				E2C1E5662B4E0EF2009CF496 /* Frameworks */,
				E2C1E5672B4E0EF2009CF496 /* Resources */,
			);
			buildRules = (
			);
			dependencies = (
			);
			name = GitHubFollowers;
			productName = GitHubFollowers;
			productReference = E2C1E5692B4E0EF2009CF496 /* GitHubFollowers.app */;
			productType = "com.apple.product-type.application";
		};
/* End PBXNativeTarget section */

/* Begin PBXProject section */
		E2C1E5612B4E0EF2009CF496 /* Project object */ = {
			isa = PBXProject;
			attributes = {
				BuildIndependentTargetsInParallel = 1;
				LastSwiftUpdateCheck = 1500;
				LastUpgradeCheck = 1500;
				TargetAttributes = {
					E2C1E5682B4E0EF2009CF496 = {
						CreatedOnToolsVersion = 15.0.1;
					};
				};
			};
			buildConfigurationList = E2C1E5642B4E0EF2009CF496 /* Build configuration list for PBXProject "GitHubFollowersExplorer" */;
			compatibilityVersion = "Xcode 14.0";
			developmentRegion = en;
			hasScannedForEncodings = 0;
			knownRegions = (
				en,
				Base,
			);
			mainGroup = E2C1E5602B4E0EF2009CF496;
			productRefGroup = E2C1E56A2B4E0EF2009CF496 /* Products */;
			projectDirPath = "";
			projectRoot = "";
			targets = (
				E2C1E5682B4E0EF2009CF496 /* GitHubFollowers */,
			);
		};
/* End PBXProject section */

/* Begin PBXResourcesBuildPhase section */
		E2C1E5672B4E0EF2009CF496 /* Resources */ = {
			isa = PBXResourcesBuildPhase;
			buildActionMask = 2147483647;
			files = (
				E2B0EE192B60442800A8FA75 /* Assets.xcassets in Resources */,
				E2B0EE1A2B60442800A8FA75 /* LaunchScreen.storyboard in Resources */,
			);
			runOnlyForDeploymentPostprocessing = 0;
		};
/* End PBXResourcesBuildPhase section */

/* Begin PBXSourcesBuildPhase section */
		E2C1E5652B4E0EF2009CF496 /* Sources */ = {
			isa = PBXSourcesBuildPhase;
			buildActionMask = 2147483647;
			files = (
				E2B0EE342B60442800A8FA75 /* GHFUserInfoHeaderViewController.swift in Sources */,
				E2B0EE372B60442800A8FA75 /* GHFContainerView.swift in Sources */,
				E2B0EE1B2B60442800A8FA75 /* AppDelegate.swift in Sources */,
				E2B0EE282B60442800A8FA75 /* Follower.swift in Sources */,
				E2B0EE312B60442800A8FA75 /* GHFItemInfoViewController.swift in Sources */,
				E2B0EE202B60442800A8FA75 /* SearchViewController.swift in Sources */,
				E2B0EE182B60442800A8FA75 /* NetworkManager.swift in Sources */,
				E2B0EE1F2B60442800A8FA75 /* UIViewController+Ext.swift in Sources */,
				E2B0EE242B60442800A8FA75 /* constants.swift in Sources */,
				E2B0EE232B60442800A8FA75 /* FollowersListViewController.swift in Sources */,
				E2B0EE2A2B60442800A8FA75 /* FollowerCell.swift in Sources */,
				E2B0EE352B60442800A8FA75 /* GHFEmptyStateView.swift in Sources */,
				E2B0EE362B60442800A8FA75 /* GHFItemInfoView.swift in Sources */,
				E2B0EE382B60442800A8FA75 /* GHFAvatarImageView.swift in Sources */,
				E2B0EE272B60442800A8FA75 /* User.swift in Sources */,
				E2B0EE262B60442800A8FA75 /* ErrorMessage.swift in Sources */,
				E2B0EE2D2B60442800A8FA75 /* GHFTitleLabel.swift in Sources */,
				E2B0EE2E2B60442800A8FA75 /* GHFSecondaryLabel.swift in Sources */,
				E2B0EE222B60442800A8FA75 /* UserInfoViewController.swift in Sources */,
				E2B0EE302B60442800A8FA75 /* GHFAlertViewController.swift in Sources */,
				E2B0EE212B60442800A8FA75 /* FavouriteListViewController.swift in Sources */,
				E2B0EE1C2B60442800A8FA75 /* SceneDelegate.swift in Sources */,
				E2B0EE2B2B60442800A8FA75 /* GHFButton.swift in Sources */,
				E2B0EE332B60442800A8FA75 /* GHFRepoItemViewController.swift in Sources */,
				E2B0EE1E2B60442800A8FA75 /* String+Ext.swift in Sources */,
				E2B0EE322B60442800A8FA75 /* GHFFollowerItemViewController.swift in Sources */,
				E2B0EE1D2B60442800A8FA75 /* Date+Ext.swift in Sources */,
				E2B0EE2F2B60442800A8FA75 /* GHFBodyLabel.swift in Sources */,
				E2B0EE252B60442800A8FA75 /* UIHelper.swift in Sources */,
				E2B0EE2C2B60442800A8FA75 /* GHFTextField.swift in Sources */,
			);
			runOnlyForDeploymentPostprocessing = 0;
		};
/* End PBXSourcesBuildPhase section */

/* Begin PBXVariantGroup section */
		E2B0EDEB2B60442800A8FA75 /* LaunchScreen.storyboard */ = {
			isa = PBXVariantGroup;
			children = (
				E2B0EDEC2B60442800A8FA75 /* Base */,
			);
			name = LaunchScreen.storyboard;
			sourceTree = "<group>";
		};
/* End PBXVariantGroup section */

/* Begin XCBuildConfiguration section */
		E2C1E57B2B4E0EF3009CF496 /* Debug */ = {
			isa = XCBuildConfiguration;
			buildSettings = {
				ALWAYS_SEARCH_USER_PATHS = NO;
				ASSETCATALOG_COMPILER_GENERATE_SWIFT_ASSET_SYMBOL_EXTENSIONS = YES;
				CLANG_ANALYZER_NONNULL = YES;
				CLANG_ANALYZER_NUMBER_OBJECT_CONVERSION = YES_AGGRESSIVE;
				CLANG_CXX_LANGUAGE_STANDARD = "gnu++20";
				CLANG_ENABLE_MODULES = YES;
				CLANG_ENABLE_OBJC_ARC = YES;
				CLANG_ENABLE_OBJC_WEAK = YES;
				CLANG_WARN_BLOCK_CAPTURE_AUTORELEASING = YES;
				CLANG_WARN_BOOL_CONVERSION = YES;
				CLANG_WARN_COMMA = YES;
				CLANG_WARN_CONSTANT_CONVERSION = YES;
				CLANG_WARN_DEPRECATED_OBJC_IMPLEMENTATIONS = YES;
				CLANG_WARN_DIRECT_OBJC_ISA_USAGE = YES_ERROR;
				CLANG_WARN_DOCUMENTATION_COMMENTS = YES;
				CLANG_WARN_EMPTY_BODY = YES;
				CLANG_WARN_ENUM_CONVERSION = YES;
				CLANG_WARN_INFINITE_RECURSION = YES;
				CLANG_WARN_INT_CONVERSION = YES;
				CLANG_WARN_NON_LITERAL_NULL_CONVERSION = YES;
				CLANG_WARN_OBJC_IMPLICIT_RETAIN_SELF = YES;
				CLANG_WARN_OBJC_LITERAL_CONVERSION = YES;
				CLANG_WARN_OBJC_ROOT_CLASS = YES_ERROR;
				CLANG_WARN_QUOTED_INCLUDE_IN_FRAMEWORK_HEADER = YES;
				CLANG_WARN_RANGE_LOOP_ANALYSIS = YES;
				CLANG_WARN_STRICT_PROTOTYPES = YES;
				CLANG_WARN_SUSPICIOUS_MOVE = YES;
				CLANG_WARN_UNGUARDED_AVAILABILITY = YES_AGGRESSIVE;
				CLANG_WARN_UNREACHABLE_CODE = YES;
				CLANG_WARN__DUPLICATE_METHOD_MATCH = YES;
				COPY_PHASE_STRIP = NO;
				DEBUG_INFORMATION_FORMAT = dwarf;
				ENABLE_STRICT_OBJC_MSGSEND = YES;
				ENABLE_TESTABILITY = YES;
				ENABLE_USER_SCRIPT_SANDBOXING = YES;
				GCC_C_LANGUAGE_STANDARD = gnu17;
				GCC_DYNAMIC_NO_PIC = NO;
				GCC_NO_COMMON_BLOCKS = YES;
				GCC_OPTIMIZATION_LEVEL = 0;
				GCC_PREPROCESSOR_DEFINITIONS = (
					"DEBUG=1",
					"$(inherited)",
				);
				GCC_WARN_64_TO_32_BIT_CONVERSION = YES;
				GCC_WARN_ABOUT_RETURN_TYPE = YES_ERROR;
				GCC_WARN_UNDECLARED_SELECTOR = YES;
				GCC_WARN_UNINITIALIZED_AUTOS = YES_AGGRESSIVE;
				GCC_WARN_UNUSED_FUNCTION = YES;
				GCC_WARN_UNUSED_VARIABLE = YES;
				IPHONEOS_DEPLOYMENT_TARGET = 17.0;
				LOCALIZATION_PREFERS_STRING_CATALOGS = YES;
				MTL_ENABLE_DEBUG_INFO = INCLUDE_SOURCE;
				MTL_FAST_MATH = YES;
				ONLY_ACTIVE_ARCH = YES;
				SDKROOT = iphoneos;
				SWIFT_ACTIVE_COMPILATION_CONDITIONS = "DEBUG $(inherited)";
				SWIFT_OPTIMIZATION_LEVEL = "-Onone";
			};
			name = Debug;
		};
		E2C1E57C2B4E0EF3009CF496 /* Release */ = {
			isa = XCBuildConfiguration;
			buildSettings = {
				ALWAYS_SEARCH_USER_PATHS = NO;
				ASSETCATALOG_COMPILER_GENERATE_SWIFT_ASSET_SYMBOL_EXTENSIONS = YES;
				CLANG_ANALYZER_NONNULL = YES;
				CLANG_ANALYZER_NUMBER_OBJECT_CONVERSION = YES_AGGRESSIVE;
				CLANG_CXX_LANGUAGE_STANDARD = "gnu++20";
				CLANG_ENABLE_MODULES = YES;
				CLANG_ENABLE_OBJC_ARC = YES;
				CLANG_ENABLE_OBJC_WEAK = YES;
				CLANG_WARN_BLOCK_CAPTURE_AUTORELEASING = YES;
				CLANG_WARN_BOOL_CONVERSION = YES;
				CLANG_WARN_COMMA = YES;
				CLANG_WARN_CONSTANT_CONVERSION = YES;
				CLANG_WARN_DEPRECATED_OBJC_IMPLEMENTATIONS = YES;
				CLANG_WARN_DIRECT_OBJC_ISA_USAGE = YES_ERROR;
				CLANG_WARN_DOCUMENTATION_COMMENTS = YES;
				CLANG_WARN_EMPTY_BODY = YES;
				CLANG_WARN_ENUM_CONVERSION = YES;
				CLANG_WARN_INFINITE_RECURSION = YES;
				CLANG_WARN_INT_CONVERSION = YES;
				CLANG_WARN_NON_LITERAL_NULL_CONVERSION = YES;
				CLANG_WARN_OBJC_IMPLICIT_RETAIN_SELF = YES;
				CLANG_WARN_OBJC_LITERAL_CONVERSION = YES;
				CLANG_WARN_OBJC_ROOT_CLASS = YES_ERROR;
				CLANG_WARN_QUOTED_INCLUDE_IN_FRAMEWORK_HEADER = YES;
				CLANG_WARN_RANGE_LOOP_ANALYSIS = YES;
				CLANG_WARN_STRICT_PROTOTYPES = YES;
				CLANG_WARN_SUSPICIOUS_MOVE = YES;
				CLANG_WARN_UNGUARDED_AVAILABILITY = YES_AGGRESSIVE;
				CLANG_WARN_UNREACHABLE_CODE = YES;
				CLANG_WARN__DUPLICATE_METHOD_MATCH = YES;
				COPY_PHASE_STRIP = NO;
				DEBUG_INFORMATION_FORMAT = "dwarf-with-dsym";
				ENABLE_NS_ASSERTIONS = NO;
				ENABLE_STRICT_OBJC_MSGSEND = YES;
				ENABLE_USER_SCRIPT_SANDBOXING = YES;
				GCC_C_LANGUAGE_STANDARD = gnu17;
				GCC_NO_COMMON_BLOCKS = YES;
				GCC_WARN_64_TO_32_BIT_CONVERSION = YES;
				GCC_WARN_ABOUT_RETURN_TYPE = YES_ERROR;
				GCC_WARN_UNDECLARED_SELECTOR = YES;
				GCC_WARN_UNINITIALIZED_AUTOS = YES_AGGRESSIVE;
				GCC_WARN_UNUSED_FUNCTION = YES;
				GCC_WARN_UNUSED_VARIABLE = YES;
				IPHONEOS_DEPLOYMENT_TARGET = 17.0;
				LOCALIZATION_PREFERS_STRING_CATALOGS = YES;
				MTL_ENABLE_DEBUG_INFO = NO;
				MTL_FAST_MATH = YES;
				SDKROOT = iphoneos;
				SWIFT_COMPILATION_MODE = wholemodule;
				VALIDATE_PRODUCT = YES;
			};
			name = Release;
		};
		E2C1E57E2B4E0EF3009CF496 /* Debug */ = {
			isa = XCBuildConfiguration;
			buildSettings = {
				ASSETCATALOG_COMPILER_APPICON_NAME = AppIcon;
				ASSETCATALOG_COMPILER_GLOBAL_ACCENT_COLOR_NAME = AccentColor;
				CODE_SIGN_STYLE = Automatic;
				CURRENT_PROJECT_VERSION = 1;
				GENERATE_INFOPLIST_FILE = YES;
				INFOPLIST_FILE = GitHubFollowers/Info.plist;
				INFOPLIST_KEY_UIApplicationSupportsIndirectInputEvents = YES;
				INFOPLIST_KEY_UILaunchStoryboardName = LaunchScreen;
				INFOPLIST_KEY_UIStatusBarStyle = UIStatusBarStyleDefault;
				INFOPLIST_KEY_UISupportedInterfaceOrientations = UIInterfaceOrientationPortrait;
				INFOPLIST_KEY_UISupportedInterfaceOrientations_iPad = "UIInterfaceOrientationLandscapeLeft UIInterfaceOrientationLandscapeRight UIInterfaceOrientationPortrait UIInterfaceOrientationPortraitUpsideDown";
				IPHONEOS_DEPLOYMENT_TARGET = 13.0;
				LD_RUNPATH_SEARCH_PATHS = (
					"$(inherited)",
					"@executable_path/Frameworks",
				);
				MARKETING_VERSION = 1.0;
				PRODUCT_BUNDLE_IDENTIFIER = com.ahmed.GitHubFollowers;
				PRODUCT_NAME = "$(TARGET_NAME)";
				SUPPORTED_PLATFORMS = "iphoneos iphonesimulator";
				SUPPORTS_MACCATALYST = NO;
				SWIFT_EMIT_LOC_STRINGS = YES;
				SWIFT_VERSION = 5.0;
				TARGETED_DEVICE_FAMILY = 1;
			};
			name = Debug;
		};
		E2C1E57F2B4E0EF3009CF496 /* Release */ = {
			isa = XCBuildConfiguration;
			buildSettings = {
				ASSETCATALOG_COMPILER_APPICON_NAME = AppIcon;
				ASSETCATALOG_COMPILER_GLOBAL_ACCENT_COLOR_NAME = AccentColor;
				CODE_SIGN_STYLE = Automatic;
				CURRENT_PROJECT_VERSION = 1;
				GENERATE_INFOPLIST_FILE = YES;
				INFOPLIST_FILE = GitHubFollowers/Info.plist;
				INFOPLIST_KEY_UIApplicationSupportsIndirectInputEvents = YES;
				INFOPLIST_KEY_UILaunchStoryboardName = LaunchScreen;
				INFOPLIST_KEY_UIStatusBarStyle = UIStatusBarStyleDefault;
				INFOPLIST_KEY_UISupportedInterfaceOrientations = UIInterfaceOrientationPortrait;
				INFOPLIST_KEY_UISupportedInterfaceOrientations_iPad = "UIInterfaceOrientationLandscapeLeft UIInterfaceOrientationLandscapeRight UIInterfaceOrientationPortrait UIInterfaceOrientationPortraitUpsideDown";
				IPHONEOS_DEPLOYMENT_TARGET = 13.0;
				LD_RUNPATH_SEARCH_PATHS = (
					"$(inherited)",
					"@executable_path/Frameworks",
				);
				MARKETING_VERSION = 1.0;
				PRODUCT_BUNDLE_IDENTIFIER = com.ahmed.GitHubFollowers;
				PRODUCT_NAME = "$(TARGET_NAME)";
				SUPPORTED_PLATFORMS = "iphoneos iphonesimulator";
				SUPPORTS_MACCATALYST = NO;
				SWIFT_EMIT_LOC_STRINGS = YES;
				SWIFT_VERSION = 5.0;
				TARGETED_DEVICE_FAMILY = 1;
			};
			name = Release;
		};
/* End XCBuildConfiguration section */

/* Begin XCConfigurationList section */
		E2C1E5642B4E0EF2009CF496 /* Build configuration list for PBXProject "GitHubFollowersExplorer" */ = {
			isa = XCConfigurationList;
			buildConfigurations = (
				E2C1E57B2B4E0EF3009CF496 /* Debug */,
				E2C1E57C2B4E0EF3009CF496 /* Release */,
			);
			defaultConfigurationIsVisible = 0;
			defaultConfigurationName = Release;
		};
		E2C1E57D2B4E0EF3009CF496 /* Build configuration list for PBXNativeTarget "GitHubFollowers" */ = {
			isa = XCConfigurationList;
			buildConfigurations = (
				E2C1E57E2B4E0EF3009CF496 /* Debug */,
				E2C1E57F2B4E0EF3009CF496 /* Release */,
			);
			defaultConfigurationIsVisible = 0;
			defaultConfigurationName = Release;
		};
/* End XCConfigurationList section */
	};
	rootObject = E2C1E5612B4E0EF2009CF496 /* Project object */;
}
